
Microsoft Visual Studio Solution File, Format Version 12.00
# Visual Studio Version 16
VisualStudioVersion = 16.0.31515.178
MinimumVisualStudioVersion = 10.0.40219.1
Project("{9A19103F-16F7-4668-BE54-9A1E7A4F7556}") = "badlife.csharp", "badlife.csharp.csproj", "{FC4FC104-2E5C-4C93-A9B0-D9D2BB914B8D}"
EndProject
Project("{9A19103F-16F7-4668-BE54-9A1E7A4F7556}") = "GameOfLifeTestProject", "..\TestProject1\GameOfLifeTestProject.csproj", "{825D23B8-296E-4091-89F6-FFA10782050C}"
EndProject
Global
	GlobalSection(SolutionConfigurationPlatforms) = preSolution
		Debug|Any CPU = Debug|Any CPU
		Release|Any CPU = Release|Any CPU
	EndGlobalSection
	GlobalSection(ProjectConfigurationPlatforms) = postSolution
		{FC4FC104-2E5C-4C93-A9B0-D9D2BB914B8D}.Debug|Any CPU.ActiveCfg = Debug|Any CPU
		{FC4FC104-2E5C-4C93-A9B0-D9D2BB914B8D}.Debug|Any CPU.Build.0 = Debug|Any CPU
		{FC4FC104-2E5C-4C93-A9B0-D9D2BB914B8D}.Release|Any CPU.ActiveCfg = Release|Any CPU
		{FC4FC104-2E5C-4C93-A9B0-D9D2BB914B8D}.Release|Any CPU.Build.0 = Release|Any CPU
		{825D23B8-296E-4091-89F6-FFA10782050C}.Debug|Any CPU.ActiveCfg = Debug|Any CPU
		{825D23B8-296E-4091-89F6-FFA10782050C}.Debug|Any CPU.Build.0 = Debug|Any CPU
		{825D23B8-296E-4091-89F6-FFA10782050C}.Release|Any CPU.ActiveCfg = Release|Any CPU
		{825D23B8-296E-4091-89F6-FFA10782050C}.Release|Any CPU.Build.0 = Release|Any CPU
	EndGlobalSection
	GlobalSection(SolutionProperties) = preSolution
		HideSolutionNode = FALSE
	EndGlobalSection
	GlobalSection(ExtensibilityGlobals) = postSolution
		SolutionGuid = {9C5DBF3D-155A-43B7-BF67-64439C8B4FC6}
	EndGlobalSection
EndGlobal
